<?xml version="1.0" encoding="utf-8"?>
<Project ToolsVersion="4.0" xmlns="http://schemas.microsoft.com/developer/msbuild/2003">
  <ItemGroup>
    <Filter Include="ソース ファイル">
      <UniqueIdentifier>{4FC737F1-C7A5-4376-A066-2A32D752A2FF}</UniqueIdentifier>
      <Extensions>cpp;c;cc;cxx;c++;cppm;ixx;def;odl;idl;hpj;bat;asm;asmx</Extensions>
    </Filter>
    <Filter Include="ヘッダー ファイル">
      <UniqueIdentifier>{93995380-89BD-4b04-88EB-625FBE52EBFB}</UniqueIdentifier>
      <Extensions>h;hh;hpp;hxx;h++;hm;inl;inc;ipp;xsd</Extensions>
    </Filter>
    <Filter Include="リソース ファイル">
      <UniqueIdentifier>{67DA6AB6-F800-4c08-8B7A-83BB121AAD01}</UniqueIdentifier>
      <Extensions>rc;ico;cur;bmp;dlg;rc2;rct;bin;rgs;gif;jpg;jpeg;jpe;resx;tiff;tif;png;wav;mfcribbon-ms</Extensions>
    </Filter>
    <Filter Include="Shader">
      <UniqueIdentifier>{1c2a840b-97c9-42ce-b3c0-75b9e302c01f}</UniqueIdentifier>
    </Filter>
    <Filter Include="ImGui">
      <UniqueIdentifier>{de24fde2-5ebe-4431-8411-6434776735b7}</UniqueIdentifier>
    </Filter>
    <Filter Include="Scene_Game">
      <UniqueIdentifier>{f7840695-7fce-4da6-a499-f2d08bea264a}</UniqueIdentifier>
    </Filter>
    <Filter Include="Scene_Game\Header">
      <UniqueIdentifier>{cc649289-58de-4781-b720-7d6337a3016d}</UniqueIdentifier>
    </Filter>
    <Filter Include="Scene_Title">
      <UniqueIdentifier>{c61de1af-c6c2-4278-be68-d8d1bb8dde90}</UniqueIdentifier>
    </Filter>
    <Filter Include="Scene_Title\Header">
      <UniqueIdentifier>{88263e50-fd8f-488b-b2e5-ac4654538d69}</UniqueIdentifier>
    </Filter>
    <Filter Include="Scene_Result">
      <UniqueIdentifier>{87388915-2cd4-4f9d-a78a-ef5676e694b0}</UniqueIdentifier>
    </Filter>
    <Filter Include="Scene_Result\Header">
      <UniqueIdentifier>{117e5b1e-809d-47b6-9db4-4305499d47f0}</UniqueIdentifier>
    </Filter>
  </ItemGroup>
  <ItemGroup>
    <ClCompile Include="Camera.cpp">
      <Filter>ソース ファイル</Filter>
    </ClCompile>
    <ClCompile Include="DDSTextureLoader12.cpp">
      <Filter>ソース ファイル</Filter>
    </ClCompile>
    <ClCompile Include="Main.cpp">
      <Filter>ソース ファイル</Filter>
    </ClCompile>
    <ClCompile Include="Model.cpp">
      <Filter>ソース ファイル</Filter>
    </ClCompile>
    <ClCompile Include="RenderManager.cpp">
      <Filter>ソース ファイル</Filter>
    </ClCompile>
    <ClCompile Include="ImGUI\imgui.cpp">
      <Filter>ImGui</Filter>
    </ClCompile>
    <ClCompile Include="ImGUI\imgui_demo.cpp">
      <Filter>ImGui</Filter>
    </ClCompile>
    <ClCompile Include="ImGUI\imgui_draw.cpp">
      <Filter>ImGui</Filter>
    </ClCompile>
    <ClCompile Include="ImGUI\imgui_impl_dx12.cpp">
      <Filter>ImGui</Filter>
    </ClCompile>
    <ClCompile Include="ImGUI\imgui_impl_win32.cpp">
      <Filter>ImGui</Filter>
    </ClCompile>
    <ClCompile Include="ImGUI\imgui_widgets.cpp">
      <Filter>ImGui</Filter>
    </ClCompile>
    <ClCompile Include="Json.cpp">
      <Filter>ソース ファイル</Filter>
    </ClCompile>
    <ClCompile Include="SceneBase.cpp">
      <Filter>ソース ファイル</Filter>
    </ClCompile>
    <ClCompile Include="GameManager.cpp">
      <Filter>Scene_Game</Filter>
    </ClCompile>
    <ClCompile Include="Player.cpp">
      <Filter>Scene_Game</Filter>
    </ClCompile>
    <ClCompile Include="TitleManager.cpp">
      <Filter>Scene_Title</Filter>
    </ClCompile>
    <ClCompile Include="SceneManager.cpp">
      <Filter>ソース ファイル</Filter>
    </ClCompile>
    <ClCompile Include="FadeManager.cpp">
      <Filter>ソース ファイル</Filter>
    </ClCompile>
    <ClCompile Include="ResultManager.cpp">
      <Filter>Scene_Result</Filter>
    </ClCompile>
    <ClCompile Include="TitleObject.cpp">
      <Filter>Scene_Title</Filter>
    </ClCompile>
    <ClCompile Include="TitleBack.cpp">
      <Filter>Scene_Title</Filter>
    </ClCompile>
    <ClCompile Include="Sky.cpp">
      <Filter>Scene_Game</Filter>
    </ClCompile>
    <ClCompile Include="Enemy.cpp">
      <Filter>Scene_Game</Filter>
    </ClCompile>
    <ClCompile Include="PlayerBullet.cpp">
      <Filter>Scene_Game</Filter>
    </ClCompile>
    <ClCompile Include="EnemyBullet.cpp">
      <Filter>Scene_Game</Filter>
    </ClCompile>
    <ClCompile Include="OBB.cpp">
      <Filter>Scene_Game</Filter>
    </ClCompile>
    <ClCompile Include="OBBManager.cpp">
      <Filter>Scene_Game</Filter>
    </ClCompile>
    <ClCompile Include="ScoreManager.cpp">
      <Filter>ソース ファイル</Filter>
    </ClCompile>
    <ClCompile Include="GameUIScore.cpp">
      <Filter>Scene_Game</Filter>
    </ClCompile>
  </ItemGroup>
  <ItemGroup>
    <ClInclude Include="Camera.h">
      <Filter>ヘッダー ファイル</Filter>
    </ClInclude>
    <ClInclude Include="D3DX12.h">
      <Filter>ヘッダー ファイル</Filter>
    </ClInclude>
    <ClInclude Include="DDSTextureLoader12.h">
      <Filter>ヘッダー ファイル</Filter>
    </ClInclude>
    <ClInclude Include="Main.h">
      <Filter>ヘッダー ファイル</Filter>
    </ClInclude>
    <ClInclude Include="Model.h">
      <Filter>ヘッダー ファイル</Filter>
    </ClInclude>
    <ClInclude Include="RenderManager.h">
      <Filter>ヘッダー ファイル</Filter>
    </ClInclude>
    <ClInclude Include="ImGUI\imconfig.h">
      <Filter>ImGui</Filter>
    </ClInclude>
    <ClInclude Include="ImGUI\imgui.h">
      <Filter>ImGui</Filter>
    </ClInclude>
    <ClInclude Include="ImGUI\imgui_impl_dx12.h">
      <Filter>ImGui</Filter>
    </ClInclude>
    <ClInclude Include="ImGUI\imgui_impl_win32.h">
      <Filter>ImGui</Filter>
    </ClInclude>
    <ClInclude Include="ImGUI\imgui_internal.h">
      <Filter>ImGui</Filter>
    </ClInclude>
    <ClInclude Include="ImGUI\imstb_rectpack.h">
      <Filter>ImGui</Filter>
    </ClInclude>
    <ClInclude Include="ImGUI\imstb_textedit.h">
      <Filter>ImGui</Filter>
    </ClInclude>
    <ClInclude Include="ImGUI\imstb_truetype.h">
      <Filter>ImGui</Filter>
    </ClInclude>
    <ClInclude Include="Json.h">
      <Filter>ヘッダー ファイル</Filter>
    </ClInclude>
    <ClInclude Include="json.hpp">
      <Filter>ヘッダー ファイル</Filter>
    </ClInclude>
    <ClInclude Include="GameManager.h">
      <Filter>Scene_Game\Header</Filter>
    </ClInclude>
    <ClInclude Include="Player.h">
      <Filter>Scene_Game\Header</Filter>
    </ClInclude>
    <ClInclude Include="TitleManager.h">
      <Filter>Scene_Title\Header</Filter>
    </ClInclude>
    <ClInclude Include="SceneBase.h">
      <Filter>ヘッダー ファイル</Filter>
    </ClInclude>
    <ClInclude Include="SceneManager.h">
      <Filter>ヘッダー ファイル</Filter>
    </ClInclude>
    <ClInclude Include="FadeManager.h">
      <Filter>ヘッダー ファイル</Filter>
    </ClInclude>
    <ClInclude Include="ResultManager.h">
      <Filter>Scene_Result\Header</Filter>
    </ClInclude>
    <ClInclude Include="TitleObject.h">
      <Filter>Scene_Title\Header</Filter>
    </ClInclude>
    <ClInclude Include="TitleBack.h">
      <Filter>Scene_Title\Header</Filter>
    </ClInclude>
    <ClInclude Include="Sky.h">
      <Filter>Scene_Game\Header</Filter>
    </ClInclude>
    <ClInclude Include="Enemy.h">
      <Filter>Scene_Game\Header</Filter>
    </ClInclude>
    <ClInclude Include="PlayerBullet.h">
      <Filter>Scene_Game\Header</Filter>
    </ClInclude>
    <ClInclude Include="EnemyBullet.h">
      <Filter>Scene_Game\Header</Filter>
    </ClInclude>
    <ClInclude Include="OBB.h">
      <Filter>Scene_Game\Header</Filter>
    </ClInclude>
    <ClInclude Include="OBBManager.h">
      <Filter>Scene_Game\Header</Filter>
    </ClInclude>
    <ClInclude Include="ScoreManager.h">
      <Filter>ヘッダー ファイル</Filter>
    </ClInclude>
    <ClInclude Include="GameUIScore.h">
      <Filter>Scene_Game\Header</Filter>
    </ClInclude>
  </ItemGroup>
  <ItemGroup>
    <FxCompile Include="Shader\Common.hlsl">
      <Filter>Shader</Filter>
    </FxCompile>
    <FxCompile Include="Shader\DeferredPS.hlsl">
      <Filter>Shader</Filter>
    </FxCompile>
    <FxCompile Include="Shader\DeferredVS.hlsl">
      <Filter>Shader</Filter>
    </FxCompile>
    <FxCompile Include="Shader\GeometryPS.hlsl">
      <Filter>Shader</Filter>
    </FxCompile>
    <FxCompile Include="Shader\GeometryVS.hlsl">
      <Filter>Shader</Filter>
    </FxCompile>
    <FxCompile Include="Shader\LanbertPS.hlsl">
      <Filter>Shader</Filter>
    </FxCompile>
    <FxCompile Include="Shader\LanbertVS.hlsl">
      <Filter>Shader</Filter>
    </FxCompile>
    <FxCompile Include="Shader\PostEffectPS.hlsl">
      <Filter>Shader</Filter>
    </FxCompile>
    <FxCompile Include="Shader\PostEffectVS.hlsl">
      <Filter>Shader</Filter>
    </FxCompile>
    <FxCompile Include="Shader\UnlitPS.hlsl">
      <Filter>Shader</Filter>
    </FxCompile>
    <FxCompile Include="Shader\UnlitVS.hlsl">
      <Filter>Shader</Filter>
    </FxCompile>
    <FxCompile Include="Shader\SkyPS.hlsl">
      <Filter>Shader</Filter>
    </FxCompile>
    <FxCompile Include="Shader\SkyVS.hlsl">
      <Filter>Shader</Filter>
    </FxCompile>
    <FxCompile Include="Shader\Noise.hlsl">
      <Filter>Shader</Filter>
    </FxCompile>
  </ItemGroup>
</Project>